
Microsoft Visual Studio Solution File, Format Version 12.00
# Visual Studio Version 17
VisualStudioVersion = 17.4.33213.308
MinimumVisualStudioVersion = 10.0.40219.1
Project("{FAE04EC0-301F-11D3-BF4B-00C04F79EFBC}") = "E_Commerce_WebAPI", "E_Commerce_WebAPI\E_Commerce_WebAPI.csproj", "{2A0884F3-68AE-47A2-9FFB-3069728CAD14}"
EndProject
Global
	GlobalSection(SolutionConfigurationPlatforms) = preSolution
		Debug|Any CPU = Debug|Any CPU
		Release|Any CPU = Release|Any CPU
	EndGlobalSection
	GlobalSection(ProjectConfigurationPlatforms) = postSolution
		{2A0884F3-68AE-47A2-9FFB-3069728CAD14}.Debug|Any CPU.ActiveCfg = Debug|Any CPU
		{2A0884F3-68AE-47A2-9FFB-3069728CAD14}.Debug|Any CPU.Build.0 = Debug|Any CPU
		{2A0884F3-68AE-47A2-9FFB-3069728CAD14}.Release|Any CPU.ActiveCfg = Release|Any CPU
		{2A0884F3-68AE-47A2-9FFB-3069728CAD14}.Release|Any CPU.Build.0 = Release|Any CPU
	EndGlobalSection
	GlobalSection(SolutionProperties) = preSolution
		HideSolutionNode = FALSE
	EndGlobalSection
	GlobalSection(ExtensibilityGlobals) = postSolution
		SolutionGuid = {118437EF-A917-4F25-BA56-0650C3378D07}
	EndGlobalSection
EndGlobal
